
Microsoft Visual Studio Solution File, Format Version 12.00
# Visual Studio 15
VisualStudioVersion = 15.0.28307.705
MinimumVisualStudioVersion = 10.0.40219.1
Project("{FAE04EC0-301F-11D3-BF4B-00C04F79EFBC}") = "NetCoreSeleniumWebCrawler.Selenium.Utils", "NetCoreSeleniumWebCrawler.Selenium.Utils\NetCoreSeleniumWebCrawler.Selenium.Utils.csproj", "{03CF66F5-C71E-4A86-9F80-D659358FBA4C}"
EndProject
Project("{FAE04EC0-301F-11D3-BF4B-00C04F79EFBC}") = "NetCoreSeleniumWebCrawler.Crawler", "NetCoreSeleniumWebCrawler.Crawler\NetCoreSeleniumWebCrawler.Crawler.csproj", "{50D5C512-5BE6-442C-9800-4CE43F72FFC3}"
EndProject
Global
	GlobalSection(SolutionConfigurationPlatforms) = preSolution
		Debug|Any CPU = Debug|Any CPU
		Release|Any CPU = Release|Any CPU
	EndGlobalSection
	GlobalSection(ProjectConfigurationPlatforms) = postSolution
		{03CF66F5-C71E-4A86-9F80-D659358FBA4C}.Debug|Any CPU.ActiveCfg = Debug|Any CPU
		{03CF66F5-C71E-4A86-9F80-D659358FBA4C}.Debug|Any CPU.Build.0 = Debug|Any CPU
		{03CF66F5-C71E-4A86-9F80-D659358FBA4C}.Release|Any CPU.ActiveCfg = Release|Any CPU
		{03CF66F5-C71E-4A86-9F80-D659358FBA4C}.Release|Any CPU.Build.0 = Release|Any CPU
		{50D5C512-5BE6-442C-9800-4CE43F72FFC3}.Debug|Any CPU.ActiveCfg = Debug|Any CPU
		{50D5C512-5BE6-442C-9800-4CE43F72FFC3}.Debug|Any CPU.Build.0 = Debug|Any CPU
		{50D5C512-5BE6-442C-9800-4CE43F72FFC3}.Release|Any CPU.ActiveCfg = Release|Any CPU
		{50D5C512-5BE6-442C-9800-4CE43F72FFC3}.Release|Any CPU.Build.0 = Release|Any CPU
	EndGlobalSection
	GlobalSection(SolutionProperties) = preSolution
		HideSolutionNode = FALSE
	EndGlobalSection
	GlobalSection(ExtensibilityGlobals) = postSolution
		SolutionGuid = {8B0D5792-68A5-425B-8E94-EC36EADB8AD3}
	EndGlobalSection
EndGlobal
